<?xml version="1.0" encoding="utf-8"?>
<Project ToolsVersion="4.0" xmlns="http://schemas.microsoft.com/developer/msbuild/2003">
  <ItemGroup>
    <Filter Include="src">
      <UniqueIdentifier>{b922f70e-6511-4cfc-8df9-7eb145f80b6d}</UniqueIdentifier>
    </Filter>
    <Filter Include="src\core">
      <UniqueIdentifier>{c9313d3b-5faf-40d5-b702-b667873b80d0}</UniqueIdentifier>
    </Filter>
    <Filter Include="src\game">
      <UniqueIdentifier>{ae8eb913-d425-4e00-a058-65cd26c99b6d}</UniqueIdentifier>
    </Filter>
    <Filter Include="src\graphics">
      <UniqueIdentifier>{c17cb82c-0aef-4874-9d0a-d4710312ba42}</UniqueIdentifier>
    </Filter>
    <Filter Include="src\physics">
      <UniqueIdentifier>{4a44cbd2-df03-432d-b676-709cc116a332}</UniqueIdentifier>
    </Filter>
    <Filter Include="src\utils">
      <UniqueIdentifier>{d13ad167-4c01-49a0-8326-55462d210d06}</UniqueIdentifier>
    </Filter>
    <Filter Include="src\physics\colliders">
      <UniqueIdentifier>{edfb317e-1603-40c3-afa1-972aa607fb45}</UniqueIdentifier>
    </Filter>
    <Filter Include="src\graphics\background">
      <UniqueIdentifier>{351365b1-e0a7-456e-b057-7e54b58da9e4}</UniqueIdentifier>
    </Filter>
  </ItemGroup>
  <ItemGroup>
    <ClCompile Include="src\core\Component.cpp">
      <Filter>src\core</Filter>
    </ClCompile>
    <ClCompile Include="src\core\Engine.cpp">
      <Filter>src\core</Filter>
    </ClCompile>
    <ClCompile Include="src\game\Bird.cpp">
      <Filter>src\game</Filter>
    </ClCompile>
    <ClCompile Include="src\game\Game.cpp">
      <Filter>src\game</Filter>
    </ClCompile>
    <ClCompile Include="src\game\GameObject.cpp">
      <Filter>src\game</Filter>
    </ClCompile>
    <ClCompile Include="src\game\Pipe.cpp">
      <Filter>src\game</Filter>
    </ClCompile>
    <ClCompile Include="src\game\PipeSpawner.cpp">
      <Filter>src\game</Filter>
    </ClCompile>
    <ClCompile Include="src\graphics\Color.cpp">
      <Filter>src\graphics</Filter>
    </ClCompile>
    <ClCompile Include="src\graphics\RenderManager.cpp">
      <Filter>src\graphics</Filter>
    </ClCompile>
    <ClCompile Include="src\graphics\Sprite.cpp">
      <Filter>src\graphics</Filter>
    </ClCompile>
    <ClCompile Include="src\graphics\Visuals.cpp">
      <Filter>src\graphics</Filter>
    </ClCompile>
    <ClCompile Include="src\utils\Timer.cpp">
      <Filter>src\utils</Filter>
    </ClCompile>
    <ClCompile Include="src\utils\Utils.cpp">
      <Filter>src\utils</Filter>
    </ClCompile>
    <ClCompile Include="src\physics\Collider.cpp">
      <Filter>src\physics</Filter>
    </ClCompile>
    <ClCompile Include="src\physics\ColliderManager.cpp">
      <Filter>src\physics</Filter>
    </ClCompile>
    <ClCompile Include="src\physics\colliders\BaseCollider.cpp">
      <Filter>src\physics\colliders</Filter>
    </ClCompile>
    <ClCompile Include="src\physics\colliders\BoxCollider.cpp">
      <Filter>src\physics\colliders</Filter>
    </ClCompile>
    <ClCompile Include="src\physics\colliders\EllipseCollider.cpp">
      <Filter>src\physics\colliders</Filter>
    </ClCompile>
    <ClCompile Include="src\physics\colliders\PolygonCollider.cpp">
      <Filter>src\physics\colliders</Filter>
    </ClCompile>
    <ClCompile Include="src\graphics\background\Background.cpp">
      <Filter>src\graphics\background</Filter>
    </ClCompile>
    <ClCompile Include="src\graphics\background\Ground.cpp">
      <Filter>src\graphics\background</Filter>
    </ClCompile>
    <ClCompile Include="src\graphics\background\Mountains.cpp">
      <Filter>src\graphics\background</Filter>
    </ClCompile>
    <ClCompile Include="src\graphics\background\Sky.cpp">
      <Filter>src\graphics\background</Filter>
    </ClCompile>
    <ClCompile Include="src\graphics\FrameBuffer.cpp">
      <Filter>src\graphics</Filter>
    </ClCompile>
    <ClCompile Include="src\utils\Config.cpp">
      <Filter>src\utils</Filter>
    </ClCompile>
    <ClCompile Include="src\game\Text.cpp">
      <Filter>src\game</Filter>
    </ClCompile>
    <ClCompile Include="src\core\InputManager.cpp">
      <Filter>src\core</Filter>
    </ClCompile>
  </ItemGroup>
  <ItemGroup>
    <ClInclude Include="src\core\Component.h">
      <Filter>src\core</Filter>
    </ClInclude>
    <ClInclude Include="src\core\Engine.h">
      <Filter>src\core</Filter>
    </ClInclude>
    <ClInclude Include="src\game\Bird.h">
      <Filter>src\game</Filter>
    </ClInclude>
    <ClInclude Include="src\game\GameObject.h">
      <Filter>src\game</Filter>
    </ClInclude>
    <ClInclude Include="src\game\Pipe.h">
      <Filter>src\game</Filter>
    </ClInclude>
    <ClInclude Include="src\game\PipeSpawner.h">
      <Filter>src\game</Filter>
    </ClInclude>
    <ClInclude Include="src\graphics\Color.h">
      <Filter>src\graphics</Filter>
    </ClInclude>
    <ClInclude Include="src\graphics\RenderManager.h">
      <Filter>src\graphics</Filter>
    </ClInclude>
    <ClInclude Include="src\graphics\Sprite.h">
      <Filter>src\graphics</Filter>
    </ClInclude>
    <ClInclude Include="src\graphics\Visuals.h">
      <Filter>src\graphics</Filter>
    </ClInclude>
    <ClInclude Include="src\utils\Timer.h">
      <Filter>src\utils</Filter>
    </ClInclude>
    <ClInclude Include="src\utils\Utils.h">
      <Filter>src\utils</Filter>
    </ClInclude>
    <ClInclude Include="src\physics\Collider.h">
      <Filter>src\physics</Filter>
    </ClInclude>
    <ClInclude Include="src\physics\ColliderManager.h">
      <Filter>src\physics</Filter>
    </ClInclude>
    <ClInclude Include="src\physics\colliders\BaseCollider.h">
      <Filter>src\physics\colliders</Filter>
    </ClInclude>
    <ClInclude Include="src\physics\colliders\BoxCollider.h">
      <Filter>src\physics\colliders</Filter>
    </ClInclude>
    <ClInclude Include="src\physics\colliders\EllipseCollider.h">
      <Filter>src\physics\colliders</Filter>
    </ClInclude>
    <ClInclude Include="src\physics\colliders\PolygonCollider.h">
      <Filter>src\physics\colliders</Filter>
    </ClInclude>
    <ClInclude Include="src\graphics\background\Background.h">
      <Filter>src\graphics\background</Filter>
    </ClInclude>
    <ClInclude Include="src\graphics\background\Ground.h">
      <Filter>src\graphics\background</Filter>
    </ClInclude>
    <ClInclude Include="src\graphics\background\Mountains.h">
      <Filter>src\graphics\background</Filter>
    </ClInclude>
    <ClInclude Include="src\graphics\background\Sky.h">
      <Filter>src\graphics\background</Filter>
    </ClInclude>
    <ClInclude Include="src\graphics\FrameBuffer.h">
      <Filter>src\graphics</Filter>
    </ClInclude>
    <ClInclude Include="src\utils\Config.h">
      <Filter>src\utils</Filter>
    </ClInclude>
    <ClInclude Include="src\game\Text.h">
      <Filter>src\game</Filter>
    </ClInclude>
    <ClInclude Include="src\core\InputManager.h">
      <Filter>src\core</Filter>
    </ClInclude>
  </ItemGroup>
</Project>